{
  "name": "@github/copilot-installer",
  "version": "1.0.0",
  "lockfileVersion": 3,
  "requires": true,
  "packages": {
    "": {
      "name": "@github/copilot-installer",
      "version": "1.0.0",
      "dependencies": {
        "@github/copilot": "^1.0.27"
      }
    },
    "node_modules/@github/copilot": {
      "version": "1.0.27",
      "resolved": "https://registry.npmjs.org/@github/copilot/-/copilot-1.0.27.tgz",
      "integrity": "sha512-f9rlylQWzXRWyK+KkCOmC/wCKXbqQUwfwRkgT8p5JqHlTBvmJ6CS8M9aPo4ycv0aJjtbasLlkYHdrfITMA1cjg==",
      "license": "SEE LICENSE IN LICENSE.md",
      "bin": {
        "copilot": "npm-loader.js"
      },
      "optionalDependencies": {
        "@github/copilot-darwin-arm64": "1.0.27",
        "@github/copilot-darwin-x64": "1.0.27",
        "@github/copilot-linux-arm64": "1.0.27",
        "@github/copilot-linux-x64": "1.0.27",
        "@github/copilot-win32-arm64": "1.0.27",
        "@github/copilot-win32-x64": "1.0.27"
      }
    },
    "node_modules/@github/copilot/node_modules/@github/copilot-darwin-arm64": {
      "version": "1.0.27",
      "resolved": "https://registry.npmjs.org/@github/copilot-darwin-arm64/-/copilot-darwin-arm64-1.0.27.tgz",
      "integrity": "sha512-F0mzfLTGngGugSfTuDtG4MMsAK4U8u+Okcb2ftrn9ObHakz/Fzr3DOMld2T8GyzQIbhOnmOYwOk2UvOAZTq/Vg==",
      "cpu": [
        "arm64"
      ],
      "license": "SEE LICENSE IN LICENSE.md",
      "optional": true,
      "os": [
        "darwin"
      ],
      "bin": {
        "copilot-darwin-arm64": "copilot"
      }
    },
    "node_modules/@github/copilot/node_modules/@github/copilot-darwin-x64": {
      "version": "1.0.27",
      "resolved": "https://registry.npmjs.org/@github/copilot-darwin-x64/-/copilot-darwin-x64-1.0.27.tgz",
      "integrity": "sha512-Nn1KME4kZDsve+HOMbwvO0XfCznyZN9mzh+DRL+Q5e2CF0PIxIcJC7zP9t1/dBux/CUOyDppniUd5OVTuqbWVQ==",
      "cpu": [
        "x64"
      ],
      "license": "SEE LICENSE IN LICENSE.md",
      "optional": true,
      "os": [
        "darwin"
      ],
      "bin": {
        "copilot-darwin-x64": "copilot"
      }
    },
    "node_modules/@github/copilot/node_modules/@github/copilot-linux-arm64": {
      "version": "1.0.27",
      "resolved": "https://registry.npmjs.org/@github/copilot-linux-arm64/-/copilot-linux-arm64-1.0.27.tgz",
      "integrity": "sha512-tg91mQQIChPDdSZCJ2e6iNIvjaOhBAT78o0jkxjF2Hn9bmNt8Iu/ywDUorugtPM+0t82PZY8AwUPkyMmuYokTQ==",
      "cpu": [
        "arm64"
      ],
      "license": "SEE LICENSE IN LICENSE.md",
      "optional": true,
      "os": [
        "linux"
      ],
      "bin": {
        "copilot-linux-arm64": "copilot"
      }
    },
    "node_modules/@github/copilot/node_modules/@github/copilot-linux-x64": {
      "version": "1.0.27",
      "resolved": "https://registry.npmjs.org/@github/copilot-linux-x64/-/copilot-linux-x64-1.0.27.tgz",
      "integrity": "sha512-E2cJLoiT5hWtuLPbVS04fxTM5F7yJL2Xazlf44PLXWPzbp5LQvQ+0SDSxnaAkRVT/DqtrtKitYMCxuDQpkdH7Q==",
      "cpu": [
        "x64"
      ],
      "license": "SEE LICENSE IN LICENSE.md",
      "optional": true,
      "os": [
        "linux"
      ],
      "bin": {
        "copilot-linux-x64": "copilot"
      }
    },
    "node_modules/@github/copilot/node_modules/@github/copilot-win32-arm64": {
      "version": "1.0.27",
      "resolved": "https://registry.npmjs.org/@github/copilot-win32-arm64/-/copilot-win32-arm64-1.0.27.tgz",
      "integrity": "sha512-/V530uFEHf3Pl6itJX4nJjx5fX9RAEIejDiqCDoKvuL8prFHGvx2CoKEz00+1QGpQHN0Z2PA0spN9a8V8o+/KA==",
      "cpu": [
        "arm64"
      ],
      "license": "SEE LICENSE IN LICENSE.md",
      "optional": true,
      "os": [
        "win32"
      ],
      "bin": {
        "copilot-win32-arm64": "copilot.exe"
      }
    },
    "node_modules/@github/copilot/node_modules/@github/copilot-win32-x64": {
      "version": "1.0.27",
      "resolved": "https://registry.npmjs.org/@github/copilot-win32-x64/-/copilot-win32-x64-1.0.27.tgz",
      "integrity": "sha512-ifRG64DAWG09AV6TIvkd5X08DaVMdyvrBC0Iavr75XVA1B9dKldocJAfVtQzhZTkjo/PLHRFTaAaPMNhGTfziA==",
      "cpu": [
        "x64"
      ],
      "license": "SEE LICENSE IN LICENSE.md",
      "optional": true,
      "os": [
        "win32"
      ],
      "bin": {
        "copilot-win32-x64": "copilot.exe"
      }
    }
  }
}
