{
  "name": "@github/copilot-installer",
  "version": "1.0.0",
  "lockfileVersion": 3,
  "requires": true,
  "packages": {
    "": {
      "name": "@github/copilot-installer",
      "version": "1.0.0",
      "dependencies": {
        "@github/copilot": "^1.0.21"
      }
    },
    "node_modules/@github/copilot": {
      "version": "1.0.21",
      "resolved": "https://registry.npmjs.org/@github/copilot/-/copilot-1.0.21.tgz",
      "integrity": "sha512-P+nORjNKAtl92jYCG6Qr1Rsw2JoyScgeQSkIR6O2WB37WS5JVdA4ax1WVualMbfuc9V58CPHX6fwyNpkI89FkQ==",
      "license": "SEE LICENSE IN LICENSE.md",
      "bin": {
        "copilot": "npm-loader.js"
      },
      "optionalDependencies": {
        "@github/copilot-darwin-arm64": "1.0.21",
        "@github/copilot-darwin-x64": "1.0.21",
        "@github/copilot-linux-arm64": "1.0.21",
        "@github/copilot-linux-x64": "1.0.21",
        "@github/copilot-win32-arm64": "1.0.21",
        "@github/copilot-win32-x64": "1.0.21"
      }
    },
    "node_modules/@github/copilot/node_modules/@github/copilot-darwin-arm64": {
      "version": "1.0.21",
      "resolved": "https://registry.npmjs.org/@github/copilot-darwin-arm64/-/copilot-darwin-arm64-1.0.21.tgz",
      "integrity": "sha512-aB+s9ldTwcyCOYmzjcQ4SknV6g81z92T8aUJEJZBwOXOTBeWKAJtk16ooAKangZgdwuLgO3or1JUjx1FJAm5nQ==",
      "cpu": [
        "arm64"
      ],
      "license": "SEE LICENSE IN LICENSE.md",
      "optional": true,
      "os": [
        "darwin"
      ],
      "bin": {
        "copilot-darwin-arm64": "copilot"
      }
    },
    "node_modules/@github/copilot/node_modules/@github/copilot-darwin-x64": {
      "version": "1.0.21",
      "resolved": "https://registry.npmjs.org/@github/copilot-darwin-x64/-/copilot-darwin-x64-1.0.21.tgz",
      "integrity": "sha512-aNad81DOGuGShmaiFNIxBUSZLwte0dXmDYkGfAF9WJIgY4qP4A8CPWFoNr8//gY+4CwaIf9V+f/OC6k2BdECbw==",
      "cpu": [
        "x64"
      ],
      "license": "SEE LICENSE IN LICENSE.md",
      "optional": true,
      "os": [
        "darwin"
      ],
      "bin": {
        "copilot-darwin-x64": "copilot"
      }
    },
    "node_modules/@github/copilot/node_modules/@github/copilot-linux-arm64": {
      "version": "1.0.21",
      "resolved": "https://registry.npmjs.org/@github/copilot-linux-arm64/-/copilot-linux-arm64-1.0.21.tgz",
      "integrity": "sha512-FL0NsCnHax4czHVv1S8iBqPLGZDhZ28N3+6nT29xWGhmjBWTkIofxLThKUPcyyMsfPTTxIlrdwWa8qQc5z2Q+g==",
      "cpu": [
        "arm64"
      ],
      "license": "SEE LICENSE IN LICENSE.md",
      "optional": true,
      "os": [
        "linux"
      ],
      "bin": {
        "copilot-linux-arm64": "copilot"
      }
    },
    "node_modules/@github/copilot/node_modules/@github/copilot-linux-x64": {
      "version": "1.0.21",
      "resolved": "https://registry.npmjs.org/@github/copilot-linux-x64/-/copilot-linux-x64-1.0.21.tgz",
      "integrity": "sha512-S7pWVI16hesZtxYbIyfw+MHZpc5ESoGKUVr5Y+lZJNaM2340gJGPQzQwSpvKIRMLHRKI2hXLwciAnYeMFxE/Tg==",
      "cpu": [
        "x64"
      ],
      "license": "SEE LICENSE IN LICENSE.md",
      "optional": true,
      "os": [
        "linux"
      ],
      "bin": {
        "copilot-linux-x64": "copilot"
      }
    },
    "node_modules/@github/copilot/node_modules/@github/copilot-win32-arm64": {
      "version": "1.0.21",
      "resolved": "https://registry.npmjs.org/@github/copilot-win32-arm64/-/copilot-win32-arm64-1.0.21.tgz",
      "integrity": "sha512-a9qc2Ku+XbyBkXCclbIvBbIVnECACTIWnPctmXWsQeSdeapGxgfHGux7y8hAFV5j6+nhCm6cnyEMS3rkZjAhdA==",
      "cpu": [
        "arm64"
      ],
      "license": "SEE LICENSE IN LICENSE.md",
      "optional": true,
      "os": [
        "win32"
      ],
      "bin": {
        "copilot-win32-arm64": "copilot.exe"
      }
    },
    "node_modules/@github/copilot/node_modules/@github/copilot-win32-x64": {
      "version": "1.0.21",
      "resolved": "https://registry.npmjs.org/@github/copilot-win32-x64/-/copilot-win32-x64-1.0.21.tgz",
      "integrity": "sha512-9klu+7NQ6tEyb8sibb0rsbimBivDrnNltZho10Bgbf1wh3o+erTjffXDjW9Zkyaw8lZA9Fz8bqhVkKntZq58Lg==",
      "cpu": [
        "x64"
      ],
      "license": "SEE LICENSE IN LICENSE.md",
      "optional": true,
      "os": [
        "win32"
      ],
      "bin": {
        "copilot-win32-x64": "copilot.exe"
      }
    }
  }
}
